
Microsoft Visual Studio Solution File, Format Version 12.00
# Visual Studio Version 17
VisualStudioVersion = 17.2.32630.192
MinimumVisualStudioVersion = 10.0.40219.1
Project("{FAE04EC0-301F-11D3-BF4B-00C04F79EFBC}") = "trackingapi", "trackingapi\trackingapi.csproj", "{54B5A21E-D5E0-464A-ADAD-C5168A76D065}"
EndProject
Project("{FAE04EC0-301F-11D3-BF4B-00C04F79EFBC}") = "tracking.client", "tracking.client\tracking.client.csproj", "{CBECB663-6CAB-471C-AAB6-8F45FB550DDE}"
EndProject
Global
	GlobalSection(SolutionConfigurationPlatforms) = preSolution
		Debug|Any CPU = Debug|Any CPU
		Release|Any CPU = Release|Any CPU
	EndGlobalSection
	GlobalSection(ProjectConfigurationPlatforms) = postSolution
		{54B5A21E-D5E0-464A-ADAD-C5168A76D065}.Debug|Any CPU.ActiveCfg = Debug|Any CPU
		{54B5A21E-D5E0-464A-ADAD-C5168A76D065}.Debug|Any CPU.Build.0 = Debug|Any CPU
		{54B5A21E-D5E0-464A-ADAD-C5168A76D065}.Release|Any CPU.ActiveCfg = Release|Any CPU
		{54B5A21E-D5E0-464A-ADAD-C5168A76D065}.Release|Any CPU.Build.0 = Release|Any CPU
		{CBECB663-6CAB-471C-AAB6-8F45FB550DDE}.Debug|Any CPU.ActiveCfg = Debug|Any CPU
		{CBECB663-6CAB-471C-AAB6-8F45FB550DDE}.Debug|Any CPU.Build.0 = Debug|Any CPU
		{CBECB663-6CAB-471C-AAB6-8F45FB550DDE}.Release|Any CPU.ActiveCfg = Release|Any CPU
		{CBECB663-6CAB-471C-AAB6-8F45FB550DDE}.Release|Any CPU.Build.0 = Release|Any CPU
	EndGlobalSection
	GlobalSection(SolutionProperties) = preSolution
		HideSolutionNode = FALSE
	EndGlobalSection
	GlobalSection(ExtensibilityGlobals) = postSolution
		SolutionGuid = {B87A1D63-99BC-4414-954C-2D629684E066}
	EndGlobalSection
EndGlobal
